
Microsoft Visual Studio Solution File, Format Version 12.00
# Visual Studio Version 17
VisualStudioVersion = 17.2.32616.157
MinimumVisualStudioVersion = 10.0.40219.1
Project("{FAE04EC0-301F-11D3-BF4B-00C04F79EFBC}") = "FunctionalProblems", "FunctionalProblems\FunctionalProblems.csproj", "{74E378CA-C6CB-46DF-AD4D-83350899CD7B}"
EndProject
Global
	GlobalSection(SolutionConfigurationPlatforms) = preSolution
		Debug|Any CPU = Debug|Any CPU
		Release|Any CPU = Release|Any CPU
	EndGlobalSection
	GlobalSection(ProjectConfigurationPlatforms) = postSolution
		{74E378CA-C6CB-46DF-AD4D-83350899CD7B}.Debug|Any CPU.ActiveCfg = Debug|Any CPU
		{74E378CA-C6CB-46DF-AD4D-83350899CD7B}.Debug|Any CPU.Build.0 = Debug|Any CPU
		{74E378CA-C6CB-46DF-AD4D-83350899CD7B}.Release|Any CPU.ActiveCfg = Release|Any CPU
		{74E378CA-C6CB-46DF-AD4D-83350899CD7B}.Release|Any CPU.Build.0 = Release|Any CPU
	EndGlobalSection
	GlobalSection(SolutionProperties) = preSolution
		HideSolutionNode = FALSE
	EndGlobalSection
	GlobalSection(ExtensibilityGlobals) = postSolution
		SolutionGuid = {4875AACD-93BB-417D-910B-E46C2F2CDFFA}
	EndGlobalSection
EndGlobal
